
Microsoft Visual Studio Solution File, Format Version 12.00
# Visual Studio Version 17
VisualStudioVersion = 17.10.35013.160
MinimumVisualStudioVersion = 10.0.40219.1
Project("{FAE04EC0-301F-11D3-BF4B-00C04F79EFBC}") = "Task4", "Task4.csproj", "{0AC1E1C4-0107-4FCE-BBA8-4B86021C18E5}"
EndProject
Global
	GlobalSection(SolutionConfigurationPlatforms) = preSolution
		Debug|Any CPU = Debug|Any CPU
		Release|Any CPU = Release|Any CPU
	EndGlobalSection
	GlobalSection(ProjectConfigurationPlatforms) = postSolution
		{0AC1E1C4-0107-4FCE-BBA8-4B86021C18E5}.Debug|Any CPU.ActiveCfg = Debug|Any CPU
		{0AC1E1C4-0107-4FCE-BBA8-4B86021C18E5}.Debug|Any CPU.Build.0 = Debug|Any CPU
		{0AC1E1C4-0107-4FCE-BBA8-4B86021C18E5}.Release|Any CPU.ActiveCfg = Release|Any CPU
		{0AC1E1C4-0107-4FCE-BBA8-4B86021C18E5}.Release|Any CPU.Build.0 = Release|Any CPU
	EndGlobalSection
	GlobalSection(SolutionProperties) = preSolution
		HideSolutionNode = FALSE
	EndGlobalSection
	GlobalSection(ExtensibilityGlobals) = postSolution
		SolutionGuid = {FADA8BC1-F3C8-46AA-A2EB-A5227D61FCA1}
	EndGlobalSection
EndGlobal
